
Microsoft Visual Studio Solution File, Format Version 12.00
# Visual Studio Version 16
VisualStudioVersion = 16.0.32602.291
MinimumVisualStudioVersion = 10.0.40219.1
Project("{FAE04EC0-301F-11D3-BF4B-00C04F79EFBC}") = "MultipleChoiceExam", "MultipleChoiceExam\MultipleChoiceExam.csproj", "{7633AB9C-8F05-425E-AE85-DF85C32B29D3}"
EndProject
Global
	GlobalSection(SolutionConfigurationPlatforms) = preSolution
		Debug|Any CPU = Debug|Any CPU
		Release|Any CPU = Release|Any CPU
	EndGlobalSection
	GlobalSection(ProjectConfigurationPlatforms) = postSolution
		{7633AB9C-8F05-425E-AE85-DF85C32B29D3}.Debug|Any CPU.ActiveCfg = Debug|Any CPU
		{7633AB9C-8F05-425E-AE85-DF85C32B29D3}.Debug|Any CPU.Build.0 = Debug|Any CPU
		{7633AB9C-8F05-425E-AE85-DF85C32B29D3}.Release|Any CPU.ActiveCfg = Release|Any CPU
		{7633AB9C-8F05-425E-AE85-DF85C32B29D3}.Release|Any CPU.Build.0 = Release|Any CPU
	EndGlobalSection
	GlobalSection(SolutionProperties) = preSolution
		HideSolutionNode = FALSE
	EndGlobalSection
	GlobalSection(ExtensibilityGlobals) = postSolution
		SolutionGuid = {07AF19A3-D604-4D59-BFD0-815A76216EA3}
	EndGlobalSection
EndGlobal
